
Microsoft Visual Studio Solution File, Format Version 12.00
# Visual Studio 15
VisualStudioVersion = 15.0.27703.2026
MinimumVisualStudioVersion = 10.0.40219.1
Project("{FAE04EC0-301F-11D3-BF4B-00C04F79EFBC}") = "ZooApplication", "ZooApplication\ZooApplication.csproj", "{8FCFC68B-417F-4C51-BDD0-C1E10768FB44}"
EndProject
Global
	GlobalSection(SolutionConfigurationPlatforms) = preSolution
		Debug|Any CPU = Debug|Any CPU
		Release|Any CPU = Release|Any CPU
	EndGlobalSection
	GlobalSection(ProjectConfigurationPlatforms) = postSolution
		{8FCFC68B-417F-4C51-BDD0-C1E10768FB44}.Debug|Any CPU.ActiveCfg = Debug|Any CPU
		{8FCFC68B-417F-4C51-BDD0-C1E10768FB44}.Debug|Any CPU.Build.0 = Debug|Any CPU
		{8FCFC68B-417F-4C51-BDD0-C1E10768FB44}.Release|Any CPU.ActiveCfg = Release|Any CPU
		{8FCFC68B-417F-4C51-BDD0-C1E10768FB44}.Release|Any CPU.Build.0 = Release|Any CPU
	EndGlobalSection
	GlobalSection(SolutionProperties) = preSolution
		HideSolutionNode = FALSE
	EndGlobalSection
	GlobalSection(ExtensibilityGlobals) = postSolution
		SolutionGuid = {2420471B-4E1E-4B6D-9EAE-51D0933F61A7}
	EndGlobalSection
EndGlobal
